// !$*UTF8*$!
{
	archiveVersion = 1;
	classes = {
	};
	objectVersion = 50;
	objects = {

/* Begin PBXBuildFile section */
		180526FF25947FA600AF2D7A /* Cardify.swift in Sources */ = {isa = PBXBuildFile; fileRef = 180526FE25947FA600AF2D7A /* Cardify.swift */; };
		1805270025947FA600AF2D7A /* Cardify.swift in Sources */ = {isa = PBXBuildFile; fileRef = 180526FE25947FA600AF2D7A /* Cardify.swift */; };
		1833782725933E5E007A2793 /* Pie.swift in Sources */ = {isa = PBXBuildFile; fileRef = 1833782625933E5E007A2793 /* Pie.swift */; };
		1833782825933E5E007A2793 /* Pie.swift in Sources */ = {isa = PBXBuildFile; fileRef = 1833782625933E5E007A2793 /* Pie.swift */; };
		187E344F2575078800427AF1 /* MemorizeGameApp.swift in Sources */ = {isa = PBXBuildFile; fileRef = 187E343C2575078700427AF1 /* MemorizeGameApp.swift */; };
		187E34502575078800427AF1 /* MemorizeGameApp.swift in Sources */ = {isa = PBXBuildFile; fileRef = 187E343C2575078700427AF1 /* MemorizeGameApp.swift */; };
		187E34512575078800427AF1 /* ContentView.swift in Sources */ = {isa = PBXBuildFile; fileRef = 187E343D2575078700427AF1 /* ContentView.swift */; };
		187E34522575078800427AF1 /* ContentView.swift in Sources */ = {isa = PBXBuildFile; fileRef = 187E343D2575078700427AF1 /* ContentView.swift */; };
		187E34532575078800427AF1 /* Assets.xcassets in Resources */ = {isa = PBXBuildFile; fileRef = 187E343E2575078800427AF1 /* Assets.xcassets */; };
		187E34542575078800427AF1 /* Assets.xcassets in Resources */ = {isa = PBXBuildFile; fileRef = 187E343E2575078800427AF1 /* Assets.xcassets */; };
		187E346025754A3100427AF1 /* GameModel.swift in Sources */ = {isa = PBXBuildFile; fileRef = 187E345F25754A3100427AF1 /* GameModel.swift */; };
		187E346125754A3100427AF1 /* GameModel.swift in Sources */ = {isa = PBXBuildFile; fileRef = 187E345F25754A3100427AF1 /* GameModel.swift */; };
		18B89239257A0E5400D0763B /* Grid.swift in Sources */ = {isa = PBXBuildFile; fileRef = 18B89238257A0E5400D0763B /* Grid.swift */; };
		18B8923A257A0E5400D0763B /* Grid.swift in Sources */ = {isa = PBXBuildFile; fileRef = 18B89238257A0E5400D0763B /* Grid.swift */; };
		18B89240257A1C0E00D0763B /* GridLayout.swift in Sources */ = {isa = PBXBuildFile; fileRef = 18B8923F257A1C0E00D0763B /* GridLayout.swift */; };
		18B89241257A1C0E00D0763B /* GridLayout.swift in Sources */ = {isa = PBXBuildFile; fileRef = 18B8923F257A1C0E00D0763B /* GridLayout.swift */; };
		18B8924D257A7F8500D0763B /* Array+Identifiable.swift in Sources */ = {isa = PBXBuildFile; fileRef = 18B8924C257A7F8500D0763B /* Array+Identifiable.swift */; };
		18B8924E257A7F8500D0763B /* Array+Identifiable.swift in Sources */ = {isa = PBXBuildFile; fileRef = 18B8924C257A7F8500D0763B /* Array+Identifiable.swift */; };
		18B89256257CAF9200D0763B /* Array+Only.swift in Sources */ = {isa = PBXBuildFile; fileRef = 18B89255257CAF9200D0763B /* Array+Only.swift */; };
		18B89257257CAF9200D0763B /* Array+Only.swift in Sources */ = {isa = PBXBuildFile; fileRef = 18B89255257CAF9200D0763B /* Array+Only.swift */; };
/* End PBXBuildFile section */

/* Begin PBXFileReference section */
		180526FE25947FA600AF2D7A /* Cardify.swift */ = {isa = PBXFileReference; lastKnownFileType = sourcecode.swift; path = Cardify.swift; sourceTree = "<group>"; };
		1833782625933E5E007A2793 /* Pie.swift */ = {isa = PBXFileReference; lastKnownFileType = sourcecode.swift; path = Pie.swift; sourceTree = "<group>"; };
		187E343C2575078700427AF1 /* MemorizeGameApp.swift */ = {isa = PBXFileReference; lastKnownFileType = sourcecode.swift; path = MemorizeGameApp.swift; sourceTree = "<group>"; };
		187E343D2575078700427AF1 /* ContentView.swift */ = {isa = PBXFileReference; lastKnownFileType = sourcecode.swift; path = ContentView.swift; sourceTree = "<group>"; };
		187E343E2575078800427AF1 /* Assets.xcassets */ = {isa = PBXFileReference; lastKnownFileType = folder.assetcatalog; path = Assets.xcassets; sourceTree = "<group>"; };
		187E34432575078800427AF1 /* MemorizeGame.app */ = {isa = PBXFileReference; explicitFileType = wrapper.application; includeInIndex = 0; path = MemorizeGame.app; sourceTree = BUILT_PRODUCTS_DIR; };
		187E34462575078800427AF1 /* Info.plist */ = {isa = PBXFileReference; lastKnownFileType = text.plist.xml; path = Info.plist; sourceTree = "<group>"; };
		187E344B2575078800427AF1 /* MemorizeGame.app */ = {isa = PBXFileReference; explicitFileType = wrapper.application; includeInIndex = 0; path = MemorizeGame.app; sourceTree = BUILT_PRODUCTS_DIR; };
		187E344D2575078800427AF1 /* Info.plist */ = {isa = PBXFileReference; lastKnownFileType = text.plist.xml; path = Info.plist; sourceTree = "<group>"; };
		187E344E2575078800427AF1 /* macOS.entitlements */ = {isa = PBXFileReference; lastKnownFileType = text.plist.entitlements; path = macOS.entitlements; sourceTree = "<group>"; };
		187E345F25754A3100427AF1 /* GameModel.swift */ = {isa = PBXFileReference; lastKnownFileType = sourcecode.swift; path = GameModel.swift; sourceTree = "<group>"; };
		18B89238257A0E5400D0763B /* Grid.swift */ = {isa = PBXFileReference; lastKnownFileType = sourcecode.swift; path = Grid.swift; sourceTree = "<group>"; };
		18B8923F257A1C0E00D0763B /* GridLayout.swift */ = {isa = PBXFileReference; lastKnownFileType = sourcecode.swift; path = GridLayout.swift; sourceTree = "<group>"; };
		18B8924C257A7F8500D0763B /* Array+Identifiable.swift */ = {isa = PBXFileReference; lastKnownFileType = sourcecode.swift; path = "Array+Identifiable.swift"; sourceTree = "<group>"; };
		18B89255257CAF9200D0763B /* Array+Only.swift */ = {isa = PBXFileReference; lastKnownFileType = sourcecode.swift; path = "Array+Only.swift"; sourceTree = "<group>"; };
/* End PBXFileReference section */

/* Begin PBXFrameworksBuildPhase section */
		187E34402575078800427AF1 /* Frameworks */ = {
			isa = PBXFrameworksBuildPhase;
			buildActionMask = 2147483647;
			files = (
			);
			runOnlyForDeploymentPostprocessing = 0;
		};
		187E34482575078800427AF1 /* Frameworks */ = {
			isa = PBXFrameworksBuildPhase;
			buildActionMask = 2147483647;
			files = (
			);
			runOnlyForDeploymentPostprocessing = 0;
		};
/* End PBXFrameworksBuildPhase section */

/* Begin PBXGroup section */
		187E34362575078700427AF1 = {
			isa = PBXGroup;
			children = (
				187E343B2575078700427AF1 /* Shared */,
				187E34452575078800427AF1 /* iOS */,
				187E344C2575078800427AF1 /* macOS */,
				187E34442575078800427AF1 /* Products */,
			);
			sourceTree = "<group>";
		};
		187E343B2575078700427AF1 /* Shared */ = {
			isa = PBXGroup;
			children = (
				187E343C2575078700427AF1 /* MemorizeGameApp.swift */,
				187E343D2575078700427AF1 /* ContentView.swift */,
				180526FE25947FA600AF2D7A /* Cardify.swift */,
				18B89238257A0E5400D0763B /* Grid.swift */,
				18B8923F257A1C0E00D0763B /* GridLayout.swift */,
				187E345F25754A3100427AF1 /* GameModel.swift */,
				1833782625933E5E007A2793 /* Pie.swift */,
				18B8924C257A7F8500D0763B /* Array+Identifiable.swift */,
				18B89255257CAF9200D0763B /* Array+Only.swift */,
				187E343E2575078800427AF1 /* Assets.xcassets */,
			);
			path = Shared;
			sourceTree = "<group>";
		};
		187E34442575078800427AF1 /* Products */ = {
			isa = PBXGroup;
			children = (
				187E34432575078800427AF1 /* MemorizeGame.app */,
				187E344B2575078800427AF1 /* MemorizeGame.app */,
			);
			name = Products;
			sourceTree = "<group>";
		};
		187E34452575078800427AF1 /* iOS */ = {
			isa = PBXGroup;
			children = (
				187E34462575078800427AF1 /* Info.plist */,
			);
			path = iOS;
			sourceTree = "<group>";
		};
		187E344C2575078800427AF1 /* macOS */ = {
			isa = PBXGroup;
			children = (
				187E344D2575078800427AF1 /* Info.plist */,
				187E344E2575078800427AF1 /* macOS.entitlements */,
			);
			path = macOS;
			sourceTree = "<group>";
		};
/* End PBXGroup section */

/* Begin PBXNativeTarget section */
		187E34422575078800427AF1 /* MemorizeGame (iOS) */ = {
			isa = PBXNativeTarget;
			buildConfigurationList = 187E34572575078800427AF1 /* Build configuration list for PBXNativeTarget "MemorizeGame (iOS)" */;
			buildPhases = (
				187E343F2575078800427AF1 /* Sources */,
				187E34402575078800427AF1 /* Frameworks */,
				187E34412575078800427AF1 /* Resources */,
			);
			buildRules = (
			);
			dependencies = (
			);
			name = "MemorizeGame (iOS)";
			productName = "Assignment01-MemorizeGame (iOS)";
			productReference = 187E34432575078800427AF1 /* MemorizeGame.app */;
			productType = "com.apple.product-type.application";
		};
		187E344A2575078800427AF1 /* MemorizeGame (macOS) */ = {
			isa = PBXNativeTarget;
			buildConfigurationList = 187E345A2575078800427AF1 /* Build configuration list for PBXNativeTarget "MemorizeGame (macOS)" */;
			buildPhases = (
				187E34472575078800427AF1 /* Sources */,
				187E34482575078800427AF1 /* Frameworks */,
				187E34492575078800427AF1 /* Resources */,
			);
			buildRules = (
			);
			dependencies = (
			);
			name = "MemorizeGame (macOS)";
			productName = "Assignment01-MemorizeGame (macOS)";
			productReference = 187E344B2575078800427AF1 /* MemorizeGame.app */;
			productType = "com.apple.product-type.application";
		};
/* End PBXNativeTarget section */

/* Begin PBXProject section */
		187E34372575078700427AF1 /* Project object */ = {
			isa = PBXProject;
			attributes = {
				LastSwiftUpdateCheck = 1220;
				LastUpgradeCheck = 1230;
				TargetAttributes = {
					187E34422575078800427AF1 = {
						CreatedOnToolsVersion = 12.2;
					};
					187E344A2575078800427AF1 = {
						CreatedOnToolsVersion = 12.2;
					};
				};
			};
			buildConfigurationList = 187E343A2575078700427AF1 /* Build configuration list for PBXProject "MemorizeGame" */;
			compatibilityVersion = "Xcode 9.3";
			developmentRegion = en;
			hasScannedForEncodings = 0;
			knownRegions = (
				en,
				Base,
			);
			mainGroup = 187E34362575078700427AF1;
			productRefGroup = 187E34442575078800427AF1 /* Products */;
			projectDirPath = "";
			projectRoot = "";
			targets = (
				187E34422575078800427AF1 /* MemorizeGame (iOS) */,
				187E344A2575078800427AF1 /* MemorizeGame (macOS) */,
			);
		};
/* End PBXProject section */

/* Begin PBXResourcesBuildPhase section */
		187E34412575078800427AF1 /* Resources */ = {
			isa = PBXResourcesBuildPhase;
			buildActionMask = 2147483647;
			files = (
				187E34532575078800427AF1 /* Assets.xcassets in Resources */,
			);
			runOnlyForDeploymentPostprocessing = 0;
		};
		187E34492575078800427AF1 /* Resources */ = {
			isa = PBXResourcesBuildPhase;
			buildActionMask = 2147483647;
			files = (
				187E34542575078800427AF1 /* Assets.xcassets in Resources */,
			);
			runOnlyForDeploymentPostprocessing = 0;
		};
/* End PBXResourcesBuildPhase section */

/* Begin PBXSourcesBuildPhase section */
		187E343F2575078800427AF1 /* Sources */ = {
			isa = PBXSourcesBuildPhase;
			buildActionMask = 2147483647;
			files = (
				187E34512575078800427AF1 /* ContentView.swift in Sources */,
				187E344F2575078800427AF1 /* MemorizeGameApp.swift in Sources */,
				1833782725933E5E007A2793 /* Pie.swift in Sources */,
				180526FF25947FA600AF2D7A /* Cardify.swift in Sources */,
				18B89240257A1C0E00D0763B /* GridLayout.swift in Sources */,
				187E346025754A3100427AF1 /* GameModel.swift in Sources */,
				18B89239257A0E5400D0763B /* Grid.swift in Sources */,
				18B89256257CAF9200D0763B /* Array+Only.swift in Sources */,
				18B8924D257A7F8500D0763B /* Array+Identifiable.swift in Sources */,
			);
			runOnlyForDeploymentPostprocessing = 0;
		};
		187E34472575078800427AF1 /* Sources */ = {
			isa = PBXSourcesBuildPhase;
			buildActionMask = 2147483647;
			files = (
				187E34522575078800427AF1 /* ContentView.swift in Sources */,
				187E34502575078800427AF1 /* MemorizeGameApp.swift in Sources */,
				1833782825933E5E007A2793 /* Pie.swift in Sources */,
				1805270025947FA600AF2D7A /* Cardify.swift in Sources */,
				18B89241257A1C0E00D0763B /* GridLayout.swift in Sources */,
				187E346125754A3100427AF1 /* GameModel.swift in Sources */,
				18B8923A257A0E5400D0763B /* Grid.swift in Sources */,
				18B89257257CAF9200D0763B /* Array+Only.swift in Sources */,
				18B8924E257A7F8500D0763B /* Array+Identifiable.swift in Sources */,
			);
			runOnlyForDeploymentPostprocessing = 0;
		};
/* End PBXSourcesBuildPhase section */

/* Begin XCBuildConfiguration section */
		187E34552575078800427AF1 /* Debug */ = {
			isa = XCBuildConfiguration;
			buildSettings = {
				ALWAYS_SEARCH_USER_PATHS = NO;
				CLANG_ANALYZER_NONNULL = YES;
				CLANG_ANALYZER_NUMBER_OBJECT_CONVERSION = YES_AGGRESSIVE;
				CLANG_CXX_LANGUAGE_STANDARD = "gnu++14";
				CLANG_CXX_LIBRARY = "libc++";
				CLANG_ENABLE_MODULES = YES;
				CLANG_ENABLE_OBJC_ARC = YES;
				CLANG_ENABLE_OBJC_WEAK = YES;
				CLANG_WARN_BLOCK_CAPTURE_AUTORELEASING = YES;
				CLANG_WARN_BOOL_CONVERSION = YES;
				CLANG_WARN_COMMA = YES;
				CLANG_WARN_CONSTANT_CONVERSION = YES;
				CLANG_WARN_DEPRECATED_OBJC_IMPLEMENTATIONS = YES;
				CLANG_WARN_DIRECT_OBJC_ISA_USAGE = YES_ERROR;
				CLANG_WARN_DOCUMENTATION_COMMENTS = YES;
				CLANG_WARN_EMPTY_BODY = YES;
				CLANG_WARN_ENUM_CONVERSION = YES;
				CLANG_WARN_INFINITE_RECURSION = YES;
				CLANG_WARN_INT_CONVERSION = YES;
				CLANG_WARN_NON_LITERAL_NULL_CONVERSION = YES;
				CLANG_WARN_OBJC_IMPLICIT_RETAIN_SELF = YES;
				CLANG_WARN_OBJC_LITERAL_CONVERSION = YES;
				CLANG_WARN_OBJC_ROOT_CLASS = YES_ERROR;
				CLANG_WARN_QUOTED_INCLUDE_IN_FRAMEWORK_HEADER = YES;
				CLANG_WARN_RANGE_LOOP_ANALYSIS = YES;
				CLANG_WARN_STRICT_PROTOTYPES = YES;
				CLANG_WARN_SUSPICIOUS_MOVE = YES;
				CLANG_WARN_UNGUARDED_AVAILABILITY = YES_AGGRESSIVE;
				CLANG_WARN_UNREACHABLE_CODE = YES;
				CLANG_WARN__DUPLICATE_METHOD_MATCH = YES;
				COPY_PHASE_STRIP = NO;
				DEBUG_INFORMATION_FORMAT = dwarf;
				ENABLE_STRICT_OBJC_MSGSEND = YES;
				ENABLE_TESTABILITY = YES;
				GCC_C_LANGUAGE_STANDARD = gnu11;
				GCC_DYNAMIC_NO_PIC = NO;
				GCC_NO_COMMON_BLOCKS = YES;
				GCC_OPTIMIZATION_LEVEL = 0;
				GCC_PREPROCESSOR_DEFINITIONS = (
					"DEBUG=1",
					"$(inherited)",
				);
				GCC_WARN_64_TO_32_BIT_CONVERSION = YES;
				GCC_WARN_ABOUT_RETURN_TYPE = YES_ERROR;
				GCC_WARN_UNDECLARED_SELECTOR = YES;
				GCC_WARN_UNINITIALIZED_AUTOS = YES_AGGRESSIVE;
				GCC_WARN_UNUSED_FUNCTION = YES;
				GCC_WARN_UNUSED_VARIABLE = YES;
				MTL_ENABLE_DEBUG_INFO = INCLUDE_SOURCE;
				MTL_FAST_MATH = YES;
				ONLY_ACTIVE_ARCH = YES;
				SWIFT_ACTIVE_COMPILATION_CONDITIONS = DEBUG;
				SWIFT_OPTIMIZATION_LEVEL = "-Onone";
			};
			name = Debug;
		};
		187E34562575078800427AF1 /* Release */ = {
			isa = XCBuildConfiguration;
			buildSettings = {
				ALWAYS_SEARCH_USER_PATHS = NO;
				CLANG_ANALYZER_NONNULL = YES;
				CLANG_ANALYZER_NUMBER_OBJECT_CONVERSION = YES_AGGRESSIVE;
				CLANG_CXX_LANGUAGE_STANDARD = "gnu++14";
				CLANG_CXX_LIBRARY = "libc++";
				CLANG_ENABLE_MODULES = YES;
				CLANG_ENABLE_OBJC_ARC = YES;
				CLANG_ENABLE_OBJC_WEAK = YES;
				CLANG_WARN_BLOCK_CAPTURE_AUTORELEASING = YES;
				CLANG_WARN_BOOL_CONVERSION = YES;
				CLANG_WARN_COMMA = YES;
				CLANG_WARN_CONSTANT_CONVERSION = YES;
				CLANG_WARN_DEPRECATED_OBJC_IMPLEMENTATIONS = YES;
				CLANG_WARN_DIRECT_OBJC_ISA_USAGE = YES_ERROR;
				CLANG_WARN_DOCUMENTATION_COMMENTS = YES;
				CLANG_WARN_EMPTY_BODY = YES;
				CLANG_WARN_ENUM_CONVERSION = YES;
				CLANG_WARN_INFINITE_RECURSION = YES;
				CLANG_WARN_INT_CONVERSION = YES;
				CLANG_WARN_NON_LITERAL_NULL_CONVERSION = YES;
				CLANG_WARN_OBJC_IMPLICIT_RETAIN_SELF = YES;
				CLANG_WARN_OBJC_LITERAL_CONVERSION = YES;
				CLANG_WARN_OBJC_ROOT_CLASS = YES_ERROR;
				CLANG_WARN_QUOTED_INCLUDE_IN_FRAMEWORK_HEADER = YES;
				CLANG_WARN_RANGE_LOOP_ANALYSIS = YES;
				CLANG_WARN_STRICT_PROTOTYPES = YES;
				CLANG_WARN_SUSPICIOUS_MOVE = YES;
				CLANG_WARN_UNGUARDED_AVAILABILITY = YES_AGGRESSIVE;
				CLANG_WARN_UNREACHABLE_CODE = YES;
				CLANG_WARN__DUPLICATE_METHOD_MATCH = YES;
				COPY_PHASE_STRIP = NO;
				DEBUG_INFORMATION_FORMAT = "dwarf-with-dsym";
				ENABLE_NS_ASSERTIONS = NO;
				ENABLE_STRICT_OBJC_MSGSEND = YES;
				GCC_C_LANGUAGE_STANDARD = gnu11;
				GCC_NO_COMMON_BLOCKS = YES;
				GCC_WARN_64_TO_32_BIT_CONVERSION = YES;
				GCC_WARN_ABOUT_RETURN_TYPE = YES_ERROR;
				GCC_WARN_UNDECLARED_SELECTOR = YES;
				GCC_WARN_UNINITIALIZED_AUTOS = YES_AGGRESSIVE;
				GCC_WARN_UNUSED_FUNCTION = YES;
				GCC_WARN_UNUSED_VARIABLE = YES;
				MTL_ENABLE_DEBUG_INFO = NO;
				MTL_FAST_MATH = YES;
				SWIFT_COMPILATION_MODE = wholemodule;
				SWIFT_OPTIMIZATION_LEVEL = "-O";
			};
			name = Release;
		};
		187E34582575078800427AF1 /* Debug */ = {
			isa = XCBuildConfiguration;
			buildSettings = {
				ASSETCATALOG_COMPILER_APPICON_NAME = AppIcon;
				ASSETCATALOG_COMPILER_GLOBAL_ACCENT_COLOR_NAME = AccentColor;
				CODE_SIGN_STYLE = Automatic;
				ENABLE_PREVIEWS = YES;
				INFOPLIST_FILE = iOS/Info.plist;
				IPHONEOS_DEPLOYMENT_TARGET = 14.0;
				LD_RUNPATH_SEARCH_PATHS = (
					"$(inherited)",
					"@executable_path/Frameworks",
				);
				PRODUCT_BUNDLE_IDENTIFIER = MY.MemorizeGame;
				PRODUCT_NAME = MemorizeGame;
				SDKROOT = iphoneos;
				SWIFT_VERSION = 5.0;
				TARGETED_DEVICE_FAMILY = "1,2";
			};
			name = Debug;
		};
		187E34592575078800427AF1 /* Release */ = {
			isa = XCBuildConfiguration;
			buildSettings = {
				ASSETCATALOG_COMPILER_APPICON_NAME = AppIcon;
				ASSETCATALOG_COMPILER_GLOBAL_ACCENT_COLOR_NAME = AccentColor;
				CODE_SIGN_STYLE = Automatic;
				ENABLE_PREVIEWS = YES;
				INFOPLIST_FILE = iOS/Info.plist;
				IPHONEOS_DEPLOYMENT_TARGET = 14.0;
				LD_RUNPATH_SEARCH_PATHS = (
					"$(inherited)",
					"@executable_path/Frameworks",
				);
				PRODUCT_BUNDLE_IDENTIFIER = MY.MemorizeGame;
				PRODUCT_NAME = MemorizeGame;
				SDKROOT = iphoneos;
				SWIFT_VERSION = 5.0;
				TARGETED_DEVICE_FAMILY = "1,2";
				VALIDATE_PRODUCT = YES;
			};
			name = Release;
		};
		187E345B2575078800427AF1 /* Debug */ = {
			isa = XCBuildConfiguration;
			buildSettings = {
				ASSETCATALOG_COMPILER_APPICON_NAME = AppIcon;
				ASSETCATALOG_COMPILER_GLOBAL_ACCENT_COLOR_NAME = AccentColor;
				CODE_SIGN_ENTITLEMENTS = macOS/macOS.entitlements;
				CODE_SIGN_IDENTITY = "-";
				CODE_SIGN_STYLE = Automatic;
				COMBINE_HIDPI_IMAGES = YES;
				ENABLE_PREVIEWS = YES;
				INFOPLIST_FILE = macOS/Info.plist;
				LD_RUNPATH_SEARCH_PATHS = (
					"$(inherited)",
					"@executable_path/../Frameworks",
				);
				MACOSX_DEPLOYMENT_TARGET = 11.0;
				PRODUCT_BUNDLE_IDENTIFIER = "MY.Assignment01-MemorizeGame";
				PRODUCT_NAME = MemorizeGame;
				SDKROOT = macosx;
				SWIFT_VERSION = 5.0;
			};
			name = Debug;
		};
		187E345C2575078800427AF1 /* Release */ = {
			isa = XCBuildConfiguration;
			buildSettings = {
				ASSETCATALOG_COMPILER_APPICON_NAME = AppIcon;
				ASSETCATALOG_COMPILER_GLOBAL_ACCENT_COLOR_NAME = AccentColor;
				CODE_SIGN_ENTITLEMENTS = macOS/macOS.entitlements;
				CODE_SIGN_IDENTITY = "-";
				CODE_SIGN_STYLE = Automatic;
				COMBINE_HIDPI_IMAGES = YES;
				ENABLE_PREVIEWS = YES;
				INFOPLIST_FILE = macOS/Info.plist;
				LD_RUNPATH_SEARCH_PATHS = (
					"$(inherited)",
					"@executable_path/../Frameworks",
				);
				MACOSX_DEPLOYMENT_TARGET = 11.0;
				PRODUCT_BUNDLE_IDENTIFIER = "MY.Assignment01-MemorizeGame";
				PRODUCT_NAME = MemorizeGame;
				SDKROOT = macosx;
				SWIFT_VERSION = 5.0;
			};
			name = Release;
		};
/* End XCBuildConfiguration section */

/* Begin XCConfigurationList section */
		187E343A2575078700427AF1 /* Build configuration list for PBXProject "MemorizeGame" */ = {
			isa = XCConfigurationList;
			buildConfigurations = (
				187E34552575078800427AF1 /* Debug */,
				187E34562575078800427AF1 /* Release */,
			);
			defaultConfigurationIsVisible = 0;
			defaultConfigurationName = Release;
		};
		187E34572575078800427AF1 /* Build configuration list for PBXNativeTarget "MemorizeGame (iOS)" */ = {
			isa = XCConfigurationList;
			buildConfigurations = (
				187E34582575078800427AF1 /* Debug */,
				187E34592575078800427AF1 /* Release */,
			);
			defaultConfigurationIsVisible = 0;
			defaultConfigurationName = Release;
		};
		187E345A2575078800427AF1 /* Build configuration list for PBXNativeTarget "MemorizeGame (macOS)" */ = {
			isa = XCConfigurationList;
			buildConfigurations = (
				187E345B2575078800427AF1 /* Debug */,
				187E345C2575078800427AF1 /* Release */,
			);
			defaultConfigurationIsVisible = 0;
			defaultConfigurationName = Release;
		};
/* End XCConfigurationList section */
	};
	rootObject = 187E34372575078700427AF1 /* Project object */;
}
